// !$*UTF8*$!
{
	archiveVersion = 1;
	classes = {
	};
	objectVersion = 56;
	objects = {

/* Begin PBXBuildFile section */
		B1862C732B0E3CC7005AB8B0 /* babyjubjub_with_exception_handing.mm in Sources */ = {isa = PBXBuildFile; fileRef = B1862C722B0E3CC7005AB8B0 /* babyjubjub_with_exception_handing.mm */; };
		B1862C742B0E3CC7005AB8B0 /* babyjubjub_with_exception_handing.h in CopyFiles */ = {isa = PBXBuildFile; fileRef = B1862C712B0E3CC7005AB8B0 /* babyjubjub_with_exception_handing.h */; };
		B1862C7B2B0E3D0A005AB8B0 /* babyjubjub.xcframework in Frameworks */ = {isa = PBXBuildFile; fileRef = B1862C7A2B0E3D09005AB8B0 /* babyjubjub.xcframework */; };
/* End PBXBuildFile section */

/* Begin PBXCopyFilesBuildPhase section */
		B1862C6C2B0E3CC7005AB8B0 /* CopyFiles */ = {
			isa = PBXCopyFilesBuildPhase;
			buildActionMask = 2147483647;
			dstPath = "include/$(PRODUCT_NAME)";
			dstSubfolderSpec = 16;
			files = (
				B1862C742B0E3CC7005AB8B0 /* babyjubjub_with_exception_handing.h in CopyFiles */,
			);
			runOnlyForDeploymentPostprocessing = 0;
		};
/* End PBXCopyFilesBuildPhase section */

/* Begin PBXFileReference section */
		B1862C6E2B0E3CC7005AB8B0 /* libbabyjubjub_with_exception_handing.a */ = {isa = PBXFileReference; explicitFileType = archive.ar; includeInIndex = 0; path = libbabyjubjub_with_exception_handing.a; sourceTree = BUILT_PRODUCTS_DIR; };
		B1862C712B0E3CC7005AB8B0 /* babyjubjub_with_exception_handing.h */ = {isa = PBXFileReference; lastKnownFileType = sourcecode.c.h; path = babyjubjub_with_exception_handing.h; sourceTree = "<group>"; };
		B1862C722B0E3CC7005AB8B0 /* babyjubjub_with_exception_handing.mm */ = {isa = PBXFileReference; lastKnownFileType = sourcecode.cpp.objcpp; path = babyjubjub_with_exception_handing.mm; sourceTree = "<group>"; };
		B1862C7A2B0E3D09005AB8B0 /* babyjubjub.xcframework */ = {isa = PBXFileReference; lastKnownFileType = wrapper.xcframework; path = babyjubjub.xcframework; sourceTree = "<group>"; };
/* End PBXFileReference section */

/* Begin PBXFrameworksBuildPhase section */
		B1862C6B2B0E3CC7005AB8B0 /* Frameworks */ = {
			isa = PBXFrameworksBuildPhase;
			buildActionMask = 2147483647;
			files = (
				B1862C7B2B0E3D0A005AB8B0 /* babyjubjub.xcframework in Frameworks */,
			);
			runOnlyForDeploymentPostprocessing = 0;
		};
/* End PBXFrameworksBuildPhase section */

/* Begin PBXGroup section */
		B1862C652B0E3CC7005AB8B0 = {
			isa = PBXGroup;
			children = (
				B1862C702B0E3CC7005AB8B0 /* babyjubjub_with_exception_handing */,
				B1862C6F2B0E3CC7005AB8B0 /* Products */,
			);
			sourceTree = "<group>";
		};
		B1862C6F2B0E3CC7005AB8B0 /* Products */ = {
			isa = PBXGroup;
			children = (
				B1862C6E2B0E3CC7005AB8B0 /* libbabyjubjub_with_exception_handing.a */,
			);
			name = Products;
			sourceTree = "<group>";
		};
		B1862C702B0E3CC7005AB8B0 /* babyjubjub_with_exception_handing */ = {
			isa = PBXGroup;
			children = (
				B1862C7A2B0E3D09005AB8B0 /* babyjubjub.xcframework */,
				B1862C712B0E3CC7005AB8B0 /* babyjubjub_with_exception_handing.h */,
				B1862C722B0E3CC7005AB8B0 /* babyjubjub_with_exception_handing.mm */,
			);
			path = babyjubjub_with_exception_handing;
			sourceTree = "<group>";
		};
/* End PBXGroup section */

/* Begin PBXNativeTarget section */
		B1862C6D2B0E3CC7005AB8B0 /* babyjubjub_with_exception_handing */ = {
			isa = PBXNativeTarget;
			buildConfigurationList = B1862C772B0E3CC7005AB8B0 /* Build configuration list for PBXNativeTarget "babyjubjub_with_exception_handing" */;
			buildPhases = (
				B1862C6A2B0E3CC7005AB8B0 /* Sources */,
				B1862C6B2B0E3CC7005AB8B0 /* Frameworks */,
				B1862C6C2B0E3CC7005AB8B0 /* CopyFiles */,
			);
			buildRules = (
			);
			dependencies = (
			);
			name = babyjubjub_with_exception_handing;
			productName = babyjubjub_with_exception_handing;
			productReference = B1862C6E2B0E3CC7005AB8B0 /* libbabyjubjub_with_exception_handing.a */;
			productType = "com.apple.product-type.library.static";
		};
/* End PBXNativeTarget section */

/* Begin PBXProject section */
		B1862C662B0E3CC7005AB8B0 /* Project object */ = {
			isa = PBXProject;
			attributes = {
				BuildIndependentTargetsInParallel = 1;
				LastUpgradeCheck = 1500;
				TargetAttributes = {
					B1862C6D2B0E3CC7005AB8B0 = {
						CreatedOnToolsVersion = 15.0.1;
					};
				};
			};
			buildConfigurationList = B1862C692B0E3CC7005AB8B0 /* Build configuration list for PBXProject "babyjubjub_with_exception_handing" */;
			compatibilityVersion = "Xcode 14.0";
			developmentRegion = en;
			hasScannedForEncodings = 0;
			knownRegions = (
				en,
				Base,
			);
			mainGroup = B1862C652B0E3CC7005AB8B0;
			productRefGroup = B1862C6F2B0E3CC7005AB8B0 /* Products */;
			projectDirPath = "";
			projectRoot = "";
			targets = (
				B1862C6D2B0E3CC7005AB8B0 /* babyjubjub_with_exception_handing */,
			);
		};
/* End PBXProject section */

/* Begin PBXSourcesBuildPhase section */
		B1862C6A2B0E3CC7005AB8B0 /* Sources */ = {
			isa = PBXSourcesBuildPhase;
			buildActionMask = 2147483647;
			files = (
				B1862C732B0E3CC7005AB8B0 /* babyjubjub_with_exception_handing.mm in Sources */,
			);
			runOnlyForDeploymentPostprocessing = 0;
		};
/* End PBXSourcesBuildPhase section */

/* Begin XCBuildConfiguration section */
		B1862C752B0E3CC7005AB8B0 /* Debug */ = {
			isa = XCBuildConfiguration;
			buildSettings = {
				ALWAYS_SEARCH_USER_PATHS = NO;
				ASSETCATALOG_COMPILER_GENERATE_SWIFT_ASSET_SYMBOL_EXTENSIONS = YES;
				CLANG_ANALYZER_NONNULL = YES;
				CLANG_ANALYZER_NUMBER_OBJECT_CONVERSION = YES_AGGRESSIVE;
				CLANG_CXX_LANGUAGE_STANDARD = "gnu++20";
				CLANG_ENABLE_MODULES = YES;
				CLANG_ENABLE_OBJC_ARC = YES;
				CLANG_ENABLE_OBJC_WEAK = YES;
				CLANG_WARN_BLOCK_CAPTURE_AUTORELEASING = YES;
				CLANG_WARN_BOOL_CONVERSION = YES;
				CLANG_WARN_COMMA = YES;
				CLANG_WARN_CONSTANT_CONVERSION = YES;
				CLANG_WARN_DEPRECATED_OBJC_IMPLEMENTATIONS = YES;
				CLANG_WARN_DIRECT_OBJC_ISA_USAGE = YES_ERROR;
				CLANG_WARN_DOCUMENTATION_COMMENTS = YES;
				CLANG_WARN_EMPTY_BODY = YES;
				CLANG_WARN_ENUM_CONVERSION = YES;
				CLANG_WARN_INFINITE_RECURSION = YES;
				CLANG_WARN_INT_CONVERSION = YES;
				CLANG_WARN_NON_LITERAL_NULL_CONVERSION = YES;
				CLANG_WARN_OBJC_IMPLICIT_RETAIN_SELF = YES;
				CLANG_WARN_OBJC_LITERAL_CONVERSION = YES;
				CLANG_WARN_OBJC_ROOT_CLASS = YES_ERROR;
				CLANG_WARN_QUOTED_INCLUDE_IN_FRAMEWORK_HEADER = YES;
				CLANG_WARN_RANGE_LOOP_ANALYSIS = YES;
				CLANG_WARN_STRICT_PROTOTYPES = YES;
				CLANG_WARN_SUSPICIOUS_MOVE = YES;
				CLANG_WARN_UNGUARDED_AVAILABILITY = YES_AGGRESSIVE;
				CLANG_WARN_UNREACHABLE_CODE = YES;
				CLANG_WARN__DUPLICATE_METHOD_MATCH = YES;
				COPY_PHASE_STRIP = NO;
				DEBUG_INFORMATION_FORMAT = dwarf;
				ENABLE_STRICT_OBJC_MSGSEND = YES;
				ENABLE_TESTABILITY = YES;
				ENABLE_USER_SCRIPT_SANDBOXING = YES;
				GCC_C_LANGUAGE_STANDARD = gnu17;
				GCC_DYNAMIC_NO_PIC = NO;
				GCC_NO_COMMON_BLOCKS = YES;
				GCC_OPTIMIZATION_LEVEL = 0;
				GCC_PREPROCESSOR_DEFINITIONS = (
					"DEBUG=1",
					"$(inherited)",
				);
				GCC_WARN_64_TO_32_BIT_CONVERSION = YES;
				GCC_WARN_ABOUT_RETURN_TYPE = YES_ERROR;
				GCC_WARN_UNDECLARED_SELECTOR = YES;
				GCC_WARN_UNINITIALIZED_AUTOS = YES_AGGRESSIVE;
				GCC_WARN_UNUSED_FUNCTION = YES;
				GCC_WARN_UNUSED_VARIABLE = YES;
				IPHONEOS_DEPLOYMENT_TARGET = 17.0;
				LOCALIZATION_PREFERS_STRING_CATALOGS = YES;
				MTL_ENABLE_DEBUG_INFO = INCLUDE_SOURCE;
				MTL_FAST_MATH = YES;
				ONLY_ACTIVE_ARCH = YES;
				SDKROOT = iphoneos;
			};
			name = Debug;
		};
		B1862C762B0E3CC7005AB8B0 /* Release */ = {
			isa = XCBuildConfiguration;
			buildSettings = {
				ALWAYS_SEARCH_USER_PATHS = NO;
				ASSETCATALOG_COMPILER_GENERATE_SWIFT_ASSET_SYMBOL_EXTENSIONS = YES;
				CLANG_ANALYZER_NONNULL = YES;
				CLANG_ANALYZER_NUMBER_OBJECT_CONVERSION = YES_AGGRESSIVE;
				CLANG_CXX_LANGUAGE_STANDARD = "gnu++20";
				CLANG_ENABLE_MODULES = YES;
				CLANG_ENABLE_OBJC_ARC = YES;
				CLANG_ENABLE_OBJC_WEAK = YES;
				CLANG_WARN_BLOCK_CAPTURE_AUTORELEASING = YES;
				CLANG_WARN_BOOL_CONVERSION = YES;
				CLANG_WARN_COMMA = YES;
				CLANG_WARN_CONSTANT_CONVERSION = YES;
				CLANG_WARN_DEPRECATED_OBJC_IMPLEMENTATIONS = YES;
				CLANG_WARN_DIRECT_OBJC_ISA_USAGE = YES_ERROR;
				CLANG_WARN_DOCUMENTATION_COMMENTS = YES;
				CLANG_WARN_EMPTY_BODY = YES;
				CLANG_WARN_ENUM_CONVERSION = YES;
				CLANG_WARN_INFINITE_RECURSION = YES;
				CLANG_WARN_INT_CONVERSION = YES;
				CLANG_WARN_NON_LITERAL_NULL_CONVERSION = YES;
				CLANG_WARN_OBJC_IMPLICIT_RETAIN_SELF = YES;
				CLANG_WARN_OBJC_LITERAL_CONVERSION = YES;
				CLANG_WARN_OBJC_ROOT_CLASS = YES_ERROR;
				CLANG_WARN_QUOTED_INCLUDE_IN_FRAMEWORK_HEADER = YES;
				CLANG_WARN_RANGE_LOOP_ANALYSIS = YES;
				CLANG_WARN_STRICT_PROTOTYPES = YES;
				CLANG_WARN_SUSPICIOUS_MOVE = YES;
				CLANG_WARN_UNGUARDED_AVAILABILITY = YES_AGGRESSIVE;
				CLANG_WARN_UNREACHABLE_CODE = YES;
				CLANG_WARN__DUPLICATE_METHOD_MATCH = YES;
				COPY_PHASE_STRIP = NO;
				DEBUG_INFORMATION_FORMAT = "dwarf-with-dsym";
				ENABLE_NS_ASSERTIONS = NO;
				ENABLE_STRICT_OBJC_MSGSEND = YES;
				ENABLE_USER_SCRIPT_SANDBOXING = YES;
				GCC_C_LANGUAGE_STANDARD = gnu17;
				GCC_NO_COMMON_BLOCKS = YES;
				GCC_WARN_64_TO_32_BIT_CONVERSION = YES;
				GCC_WARN_ABOUT_RETURN_TYPE = YES_ERROR;
				GCC_WARN_UNDECLARED_SELECTOR = YES;
				GCC_WARN_UNINITIALIZED_AUTOS = YES_AGGRESSIVE;
				GCC_WARN_UNUSED_FUNCTION = YES;
				GCC_WARN_UNUSED_VARIABLE = YES;
				IPHONEOS_DEPLOYMENT_TARGET = 17.0;
				LOCALIZATION_PREFERS_STRING_CATALOGS = YES;
				MTL_ENABLE_DEBUG_INFO = NO;
				MTL_FAST_MATH = YES;
				SDKROOT = iphoneos;
				VALIDATE_PRODUCT = YES;
			};
			name = Release;
		};
		B1862C782B0E3CC7005AB8B0 /* Debug */ = {
			isa = XCBuildConfiguration;
			buildSettings = {
				CODE_SIGN_STYLE = Automatic;
				CONFIGURATION_BUILD_DIR = "$(SOURCE_ROOT)/libs/$(CONFIGURATION)_${PLATFORM_NAME}_${ARCHS}";
				OTHER_LDFLAGS = "-ObjC";
				PRODUCT_NAME = "$(TARGET_NAME)";
				SKIP_INSTALL = YES;
				SYMROOT = build;
				TARGETED_DEVICE_FAMILY = "1,2";
			};
			name = Debug;
		};
		B1862C792B0E3CC7005AB8B0 /* Release */ = {
			isa = XCBuildConfiguration;
			buildSettings = {
				CODE_SIGN_STYLE = Automatic;
				CONFIGURATION_BUILD_DIR = "$(SOURCE_ROOT)/libs/$(CONFIGURATION)_${PLATFORM_NAME}_${ARCHS}";
				OTHER_LDFLAGS = "-ObjC";
				PRODUCT_NAME = "$(TARGET_NAME)";
				SKIP_INSTALL = YES;
				SYMROOT = build;
				TARGETED_DEVICE_FAMILY = "1,2";
			};
			name = Release;
		};
/* End XCBuildConfiguration section */

/* Begin XCConfigurationList section */
		B1862C692B0E3CC7005AB8B0 /* Build configuration list for PBXProject "babyjubjub_with_exception_handing" */ = {
			isa = XCConfigurationList;
			buildConfigurations = (
				B1862C752B0E3CC7005AB8B0 /* Debug */,
				B1862C762B0E3CC7005AB8B0 /* Release */,
			);
			defaultConfigurationIsVisible = 0;
			defaultConfigurationName = Release;
		};
		B1862C772B0E3CC7005AB8B0 /* Build configuration list for PBXNativeTarget "babyjubjub_with_exception_handing" */ = {
			isa = XCConfigurationList;
			buildConfigurations = (
				B1862C782B0E3CC7005AB8B0 /* Debug */,
				B1862C792B0E3CC7005AB8B0 /* Release */,
			);
			defaultConfigurationIsVisible = 0;
			defaultConfigurationName = Release;
		};
/* End XCConfigurationList section */
	};
	rootObject = B1862C662B0E3CC7005AB8B0 /* Project object */;
}
